{
    "name": "pi-mono-stack",
    "lockfileVersion": 3,
    "requires": true,
    "packages": {
        "": {
            "name": "pi-mono-stack",
            "workspaces": [
                "gateway",
                "protocol"
            ]
        },
        "gateway": {
            "version": "1.0.0",
            "license": "ISC",
            "dependencies": {
                "ioredis": "^5.4.1",
                "pi-protocol": "*",
                "telegraf": "^4.16.3"
            },
            "devDependencies": {
                "@types/node": "^22.13.4",
                "ts-node": "^10.9.2",
                "tsx": "^4.19.2",
                "typescript": "^5.7.3"
            }
        },
        "gateway/node_modules/@cspotcode/source-map-support": {
            "version": "0.8.1",
            "dev": true,
            "license": "MIT",
            "dependencies": {
                "@jridgewell/trace-mapping": "0.3.9"
            },
            "engines": {
                "node": ">=12"
            }
        },
        "gateway/node_modules/@esbuild/linux-x64": {
            "version": "0.27.3",
            "cpu": [
                "x64"
            ],
            "dev": true,
            "license": "MIT",
            "optional": true,
            "os": [
                "linux"
            ],
            "engines": {
                "node": ">=18"
            }
        },
        "gateway/node_modules/@ioredis/commands": {
            "version": "1.5.0",
            "license": "MIT"
        },
        "gateway/node_modules/@jridgewell/resolve-uri": {
            "version": "3.1.2",
            "dev": true,
            "license": "MIT",
            "engines": {
                "node": ">=6.0.0"
            }
        },
        "gateway/node_modules/@jridgewell/sourcemap-codec": {
            "version": "1.5.5",
            "dev": true,
            "license": "MIT"
        },
        "gateway/node_modules/@jridgewell/trace-mapping": {
            "version": "0.3.9",
            "dev": true,
            "license": "MIT",
            "dependencies": {
                "@jridgewell/resolve-uri": "^3.0.3",
                "@jridgewell/sourcemap-codec": "^1.4.10"
            }
        },
        "gateway/node_modules/@telegraf/types": {
            "version": "7.1.0",
            "license": "MIT"
        },
        "gateway/node_modules/@tsconfig/node10": {
            "version": "1.0.12",
            "dev": true,
            "license": "MIT"
        },
        "gateway/node_modules/@tsconfig/node12": {
            "version": "1.0.11",
            "dev": true,
            "license": "MIT"
        },
        "gateway/node_modules/@tsconfig/node14": {
            "version": "1.0.3",
            "dev": true,
            "license": "MIT"
        },
        "gateway/node_modules/@tsconfig/node16": {
            "version": "1.0.4",
            "dev": true,
            "license": "MIT"
        },
        "gateway/node_modules/@types/node": {
            "version": "22.19.11",
            "dev": true,
            "license": "MIT",
            "dependencies": {
                "undici-types": "~6.21.0"
            }
        },
        "gateway/node_modules/abort-controller": {
            "version": "3.0.0",
            "license": "MIT",
            "dependencies": {
                "event-target-shim": "^5.0.0"
            },
            "engines": {
                "node": ">=6.5"
            }
        },
        "gateway/node_modules/acorn": {
            "version": "8.15.0",
            "dev": true,
            "license": "MIT",
            "bin": {
                "acorn": "bin/acorn"
            },
            "engines": {
                "node": ">=0.4.0"
            }
        },
        "gateway/node_modules/acorn-walk": {
            "version": "8.3.4",
            "dev": true,
            "license": "MIT",
            "dependencies": {
                "acorn": "^8.11.0"
            },
            "engines": {
                "node": ">=0.4.0"
            }
        },
        "gateway/node_modules/arg": {
            "version": "4.1.3",
            "dev": true,
            "license": "MIT"
        },
        "gateway/node_modules/buffer-alloc": {
            "version": "1.2.0",
            "license": "MIT",
            "dependencies": {
                "buffer-alloc-unsafe": "^1.1.0",
                "buffer-fill": "^1.0.0"
            }
        },
        "gateway/node_modules/buffer-alloc-unsafe": {
            "version": "1.1.0",
            "license": "MIT"
        },
        "gateway/node_modules/buffer-fill": {
            "version": "1.0.0",
            "license": "MIT"
        },
        "gateway/node_modules/cluster-key-slot": {
            "version": "1.1.2",
            "license": "Apache-2.0",
            "engines": {
                "node": ">=0.10.0"
            }
        },
        "gateway/node_modules/create-require": {
            "version": "1.1.1",
            "dev": true,
            "license": "MIT"
        },
        "gateway/node_modules/debug": {
            "version": "4.4.3",
            "license": "MIT",
            "dependencies": {
                "ms": "^2.1.3"
            },
            "engines": {
                "node": ">=6.0"
            },
            "peerDependenciesMeta": {
                "supports-color": {
                    "optional": true
                }
            }
        },
        "gateway/node_modules/denque": {
            "version": "2.1.0",
            "license": "Apache-2.0",
            "engines": {
                "node": ">=0.10"
            }
        },
        "gateway/node_modules/diff": {
            "version": "4.0.4",
            "dev": true,
            "license": "BSD-3-Clause",
            "engines": {
                "node": ">=0.3.1"
            }
        },
        "gateway/node_modules/esbuild": {
            "version": "0.27.3",
            "dev": true,
            "hasInstallScript": true,
            "license": "MIT",
            "bin": {
                "esbuild": "bin/esbuild"
            },
            "engines": {
                "node": ">=18"
            },
            "optionalDependencies": {
                "@esbuild/aix-ppc64": "0.27.3",
                "@esbuild/android-arm": "0.27.3",
                "@esbuild/android-arm64": "0.27.3",
                "@esbuild/android-x64": "0.27.3",
                "@esbuild/darwin-arm64": "0.27.3",
                "@esbuild/darwin-x64": "0.27.3",
                "@esbuild/freebsd-arm64": "0.27.3",
                "@esbuild/freebsd-x64": "0.27.3",
                "@esbuild/linux-arm": "0.27.3",
                "@esbuild/linux-arm64": "0.27.3",
                "@esbuild/linux-ia32": "0.27.3",
                "@esbuild/linux-loong64": "0.27.3",
                "@esbuild/linux-mips64el": "0.27.3",
                "@esbuild/linux-ppc64": "0.27.3",
                "@esbuild/linux-riscv64": "0.27.3",
                "@esbuild/linux-s390x": "0.27.3",
                "@esbuild/linux-x64": "0.27.3",
                "@esbuild/netbsd-arm64": "0.27.3",
                "@esbuild/netbsd-x64": "0.27.3",
                "@esbuild/openbsd-arm64": "0.27.3",
                "@esbuild/openbsd-x64": "0.27.3",
                "@esbuild/openharmony-arm64": "0.27.3",
                "@esbuild/sunos-x64": "0.27.3",
                "@esbuild/win32-arm64": "0.27.3",
                "@esbuild/win32-ia32": "0.27.3",
                "@esbuild/win32-x64": "0.27.3"
            }
        },
        "gateway/node_modules/event-target-shim": {
            "version": "5.0.1",
            "license": "MIT",
            "engines": {
                "node": ">=6"
            }
        },
        "gateway/node_modules/get-tsconfig": {
            "version": "4.13.6",
            "dev": true,
            "license": "MIT",
            "dependencies": {
                "resolve-pkg-maps": "^1.0.0"
            },
            "funding": {
                "url": "https://github.com/privatenumber/get-tsconfig?sponsor=1"
            }
        },
        "gateway/node_modules/ioredis": {
            "version": "5.9.3",
            "license": "MIT",
            "dependencies": {
                "@ioredis/commands": "1.5.0",
                "cluster-key-slot": "^1.1.0",
                "debug": "^4.3.4",
                "denque": "^2.1.0",
                "lodash.defaults": "^4.2.0",
                "lodash.isarguments": "^3.1.0",
                "redis-errors": "^1.2.0",
                "redis-parser": "^3.0.0",
                "standard-as-callback": "^2.1.0"
            },
            "engines": {
                "node": ">=12.22.0"
            },
            "funding": {
                "type": "opencollective",
                "url": "https://opencollective.com/ioredis"
            }
        },
        "gateway/node_modules/lodash.defaults": {
            "version": "4.2.0",
            "license": "MIT"
        },
        "gateway/node_modules/lodash.isarguments": {
            "version": "3.1.0",
            "license": "MIT"
        },
        "gateway/node_modules/make-error": {
            "version": "1.3.6",
            "dev": true,
            "license": "ISC"
        },
        "gateway/node_modules/mri": {
            "version": "1.2.0",
            "license": "MIT",
            "engines": {
                "node": ">=4"
            }
        },
        "gateway/node_modules/ms": {
            "version": "2.1.3",
            "license": "MIT"
        },
        "gateway/node_modules/node-fetch": {
            "version": "2.7.0",
            "license": "MIT",
            "dependencies": {
                "whatwg-url": "^5.0.0"
            },
            "engines": {
                "node": "4.x || >=6.0.0"
            },
            "peerDependencies": {
                "encoding": "^0.1.0"
            },
            "peerDependenciesMeta": {
                "encoding": {
                    "optional": true
                }
            }
        },
        "gateway/node_modules/p-timeout": {
            "version": "4.1.0",
            "license": "MIT",
            "engines": {
                "node": ">=10"
            }
        },
        "gateway/node_modules/redis-errors": {
            "version": "1.2.0",
            "license": "MIT",
            "engines": {
                "node": ">=4"
            }
        },
        "gateway/node_modules/redis-parser": {
            "version": "3.0.0",
            "license": "MIT",
            "dependencies": {
                "redis-errors": "^1.0.0"
            },
            "engines": {
                "node": ">=4"
            }
        },
        "gateway/node_modules/resolve-pkg-maps": {
            "version": "1.0.0",
            "dev": true,
            "license": "MIT",
            "funding": {
                "url": "https://github.com/privatenumber/resolve-pkg-maps?sponsor=1"
            }
        },
        "gateway/node_modules/safe-compare": {
            "version": "1.1.4",
            "license": "MIT",
            "dependencies": {
                "buffer-alloc": "^1.2.0"
            }
        },
        "gateway/node_modules/sandwich-stream": {
            "version": "2.0.2",
            "license": "Apache-2.0",
            "engines": {
                "node": ">= 0.10"
            }
        },
        "gateway/node_modules/standard-as-callback": {
            "version": "2.1.0",
            "license": "MIT"
        },
        "gateway/node_modules/telegraf": {
            "version": "4.16.3",
            "license": "MIT",
            "dependencies": {
                "@telegraf/types": "^7.1.0",
                "abort-controller": "^3.0.0",
                "debug": "^4.3.4",
                "mri": "^1.2.0",
                "node-fetch": "^2.7.0",
                "p-timeout": "^4.1.0",
                "safe-compare": "^1.1.4",
                "sandwich-stream": "^2.0.2"
            },
            "bin": {
                "telegraf": "lib/cli.mjs"
            },
            "engines": {
                "node": "^12.20.0 || >=14.13.1"
            }
        },
        "gateway/node_modules/tr46": {
            "version": "0.0.3",
            "license": "MIT"
        },
        "gateway/node_modules/ts-node": {
            "version": "10.9.2",
            "dev": true,
            "license": "MIT",
            "dependencies": {
                "@cspotcode/source-map-support": "^0.8.0",
                "@tsconfig/node10": "^1.0.7",
                "@tsconfig/node12": "^1.0.7",
                "@tsconfig/node14": "^1.0.0",
                "@tsconfig/node16": "^1.0.2",
                "acorn": "^8.4.1",
                "acorn-walk": "^8.1.1",
                "arg": "^4.1.0",
                "create-require": "^1.1.0",
                "diff": "^4.0.1",
                "make-error": "^1.1.1",
                "v8-compile-cache-lib": "^3.0.1",
                "yn": "3.1.1"
            },
            "bin": {
                "ts-node": "dist/bin.js",
                "ts-node-cwd": "dist/bin-cwd.js",
                "ts-node-esm": "dist/bin-esm.js",
                "ts-node-script": "dist/bin-script.js",
                "ts-node-transpile-only": "dist/bin-transpile.js",
                "ts-script": "dist/bin-script-deprecated.js"
            },
            "peerDependencies": {
                "@swc/core": ">=1.2.50",
                "@swc/wasm": ">=1.2.50",
                "@types/node": "*",
                "typescript": ">=2.7"
            },
            "peerDependenciesMeta": {
                "@swc/core": {
                    "optional": true
                },
                "@swc/wasm": {
                    "optional": true
                }
            }
        },
        "gateway/node_modules/tsx": {
            "version": "4.21.0",
            "dev": true,
            "license": "MIT",
            "dependencies": {
                "esbuild": "~0.27.0",
                "get-tsconfig": "^4.7.5"
            },
            "bin": {
                "tsx": "dist/cli.mjs"
            },
            "engines": {
                "node": ">=18.0.0"
            },
            "optionalDependencies": {
                "fsevents": "~2.3.3"
            }
        },
        "gateway/node_modules/typescript": {
            "version": "5.9.3",
            "dev": true,
            "license": "Apache-2.0",
            "bin": {
                "tsc": "bin/tsc",
                "tsserver": "bin/tsserver"
            },
            "engines": {
                "node": ">=14.17"
            }
        },
        "gateway/node_modules/undici-types": {
            "version": "6.21.0",
            "dev": true,
            "license": "MIT"
        },
        "gateway/node_modules/v8-compile-cache-lib": {
            "version": "3.0.1",
            "dev": true,
            "license": "MIT"
        },
        "gateway/node_modules/webidl-conversions": {
            "version": "3.0.1",
            "license": "BSD-2-Clause"
        },
        "gateway/node_modules/whatwg-url": {
            "version": "5.0.0",
            "license": "MIT",
            "dependencies": {
                "tr46": "~0.0.3",
                "webidl-conversions": "^3.0.0"
            }
        },
        "gateway/node_modules/yn": {
            "version": "3.1.1",
            "dev": true,
            "license": "MIT",
            "engines": {
                "node": ">=6"
            }
        },
        "node_modules/gateway": {
            "resolved": "gateway",
            "link": true
        },
        "node_modules/pi-protocol": {
            "resolved": "protocol",
            "link": true
        },
        "protocol": {
            "name": "pi-protocol",
            "version": "1.0.0",
            "license": "ISC",
            "devDependencies": {
                "typescript": "^5.7.3"
            }
        },
        "protocol/node_modules/typescript": {
            "version": "5.9.3",
            "dev": true,
            "license": "Apache-2.0",
            "bin": {
                "tsc": "bin/tsc",
                "tsserver": "bin/tsserver"
            },
            "engines": {
                "node": ">=14.17"
            }
        }
    }
}
